
Microsoft Visual Studio Solution File, Format Version 12.00
# Visual Studio Version 17
VisualStudioVersion = 17.0.32014.148
MinimumVisualStudioVersion = 10.0.40219.1
Project("{FAE04EC0-301F-11D3-BF4B-00C04F79EFBC}") = "Note-Taking-App", "Note-Taking-App.csproj", "{F304F75C-C1B6-415E-B411-7DAC21491457}"
EndProject
Global
	GlobalSection(SolutionConfigurationPlatforms) = preSolution
		Debug|Any CPU = Debug|Any CPU
		Release|Any CPU = Release|Any CPU
	EndGlobalSection
	GlobalSection(ProjectConfigurationPlatforms) = postSolution
		{F304F75C-C1B6-415E-B411-7DAC21491457}.Debug|Any CPU.ActiveCfg = Debug|Any CPU
		{F304F75C-C1B6-415E-B411-7DAC21491457}.Debug|Any CPU.Build.0 = Debug|Any CPU
		{F304F75C-C1B6-415E-B411-7DAC21491457}.Release|Any CPU.ActiveCfg = Release|Any CPU
		{F304F75C-C1B6-415E-B411-7DAC21491457}.Release|Any CPU.Build.0 = Release|Any CPU
	EndGlobalSection
	GlobalSection(SolutionProperties) = preSolution
		HideSolutionNode = FALSE
	EndGlobalSection
	GlobalSection(ExtensibilityGlobals) = postSolution
		SolutionGuid = {E87D13D0-D913-4F13-AB2C-0CD43CF88056}
	EndGlobalSection
EndGlobal
